
Microsoft Visual Studio Solution File, Format Version 12.00
# Visual Studio Version 16
VisualStudioVersion = 16.0.31205.134
MinimumVisualStudioVersion = 10.0.40219.1
Project("{9A19103F-16F7-4668-BE54-9A1E7A4F7556}") = "Pets", "Pets\Pets.csproj", "{2EA5DEFD-D9FF-4ED7-A9D0-FB4727769475}"
EndProject
Project("{9A19103F-16F7-4668-BE54-9A1E7A4F7556}") = "Domain.Abstractions", "Domain.Abstractions\Domain.Abstractions.csproj", "{CF049F29-2D6D-4649-9BAA-6E392C56722B}"
EndProject
Project("{9A19103F-16F7-4668-BE54-9A1E7A4F7556}") = "Pets.Domain", "Pets.Domain\Pets.Domain.csproj", "{23BB3D87-C630-47ED-BDB6-1C17864B6F7B}"
EndProject
Project("{9A19103F-16F7-4668-BE54-9A1E7A4F7556}") = "Database.Abstractions", "Database.Abstractions\Database.Abstractions.csproj", "{80ACC250-A9BF-4751-A4F9-D5E3277CFC1D}"
EndProject
Project("{9A19103F-16F7-4668-BE54-9A1E7A4F7556}") = "Database.Sqlite", "Database.Sqlite\Database.Sqlite.csproj", "{327140EC-C489-4B1F-A482-C85A206740F6}"
EndProject
Project("{2150E333-8FDC-42A3-9474-1A3956D46DE8}") = "Infrastructure", "Infrastructure", "{CD5C4C96-C0FF-4406-A0CB-83B10ABA8667}"
EndProject
Project("{9A19103F-16F7-4668-BE54-9A1E7A4F7556}") = "Database.Transactions.Scoped", "Database.Transactions.Scoped\Database.Transactions.Scoped.csproj", "{30F465EE-11C3-4E5E-A2A4-6083359D34FF}"
EndProject
Project("{9A19103F-16F7-4668-BE54-9A1E7A4F7556}") = "Commands.Abstractions", "Commands.Abstractions\Commands.Abstractions.csproj", "{4F14B6A7-2409-4EF8-B357-0E4DE8B2F1F1}"
EndProject
Project("{9A19103F-16F7-4668-BE54-9A1E7A4F7556}") = "Queries.Abstractions", "Queries.Abstractions\Queries.Abstractions.csproj", "{A06B3D7D-514A-43C9-AE93-548211B48C99}"
EndProject
Project("{9A19103F-16F7-4668-BE54-9A1E7A4F7556}") = "Api.Requests.Abstractions", "Api.Requests.Abstractions\Api.Requests.Abstractions.csproj", "{A95F9F4F-BC89-4B0A-B418-660458A64947}"
EndProject
Project("{9A19103F-16F7-4668-BE54-9A1E7A4F7556}") = "AspNetCore.ApiControllers.Abstractions", "AspNetCore.ApiControllers.Abstractions\AspNetCore.ApiControllers.Abstractions.csproj", "{01765200-DD1A-410B-A403-1637B312EA5B}"
EndProject
Project("{9A19103F-16F7-4668-BE54-9A1E7A4F7556}") = "AspNetCore.ApiControllers.Extensions", "AspNetCore.ApiControllers.Extensions\AspNetCore.ApiControllers.Extensions.csproj", "{06A639EA-A4C3-4973-8CC2-29F4409D4A99}"
EndProject
Project("{9A19103F-16F7-4668-BE54-9A1E7A4F7556}") = "Api.Requests.Hierarchic.Abstractions", "Api.Requests.Hierarchic.Abstractions\Api.Requests.Hierarchic.Abstractions.csproj", "{8B2B7738-9633-47BA-90BE-EDA80EE9C238}"
EndProject
Project("{9A19103F-16F7-4668-BE54-9A1E7A4F7556}") = "Common.DataAnnotations.Hierarchy", "Common.DataAnnotations.Hierarchy\Common.DataAnnotations.Hierarchy.csproj", "{1164B248-15B7-45BC-A247-5216DC2FCEFB}"
EndProject
Project("{9A19103F-16F7-4668-BE54-9A1E7A4F7556}") = "Json.Converters.Hierarchy", "Json.Converters.Hierarchy\Json.Converters.Hierarchy.csproj", "{E601F3DB-099E-46FB-AB32-54FC552358D9}"
EndProject
Project("{9A19103F-16F7-4668-BE54-9A1E7A4F7556}") = "Persistence.Transactions.Behaviors", "Persistence.Transactions.Behaviors\Persistence.Transactions.Behaviors.csproj", "{9770F4C5-0A51-4FBA-A7BA-E87AEFAFF2B2}"
EndProject
Project("{9A19103F-16F7-4668-BE54-9A1E7A4F7556}") = "Repositories.Abstractions", "Repositories.Abstractions\Repositories.Abstractions.csproj", "{8A954850-0FF9-452E-AA5F-7ED06B9CA85A}"
EndProject
Project("{9A19103F-16F7-4668-BE54-9A1E7A4F7556}") = "Linq.Providers.Abstractions", "Linq.Providers.Abstractions\Linq.Providers.Abstractions.csproj", "{60A1ED32-F921-4E2C-BE48-9F383C3685CF}"
EndProject
Project("{9A19103F-16F7-4668-BE54-9A1E7A4F7556}") = "Linq.AsyncQueryable.Abstractions", "Linq.AsyncQueryable.Abstractions\Linq.AsyncQueryable.Abstractions.csproj", "{70510CDE-1A0E-479F-B1B8-7285315169E3}"
EndProject
Project("{9A19103F-16F7-4668-BE54-9A1E7A4F7556}") = "NHibernate.Infrastructure", "NHibernate.Infrastructure\NHibernate.Infrastructure.csproj", "{14F3012B-BB87-4B36-85D2-287625F494F6}"
EndProject
Project("{9A19103F-16F7-4668-BE54-9A1E7A4F7556}") = "NHibernate.Infrastructure.AutoMapping", "NHibernate.Infrastructure.AutoMapping\NHibernate.Infrastructure.AutoMapping.csproj", "{B1317EEF-B5E6-4DC4-9E72-A74F875E626F}"
EndProject
Project("{9A19103F-16F7-4668-BE54-9A1E7A4F7556}") = "Common.DataAnnotations", "Common.DataAnnotations\Common.DataAnnotations.csproj", "{6A278A55-34B3-4B23-9D36-48C55687593E}"
EndProject
Project("{9A19103F-16F7-4668-BE54-9A1E7A4F7556}") = "Pets.Persistence.ORM", "Pets.Persistence.ORM\Pets.Persistence.ORM.csproj", "{35F8FD1F-584F-452A-9F91-67C6B3B59833}"
EndProject
Project("{9A19103F-16F7-4668-BE54-9A1E7A4F7556}") = "Pets.Persistence.NHibernate", "Pets.Persistence.NHibernate\Pets.Persistence.NHibernate.csproj", "{4207F141-709F-4CBB-B232-40FD5F9F8933}"
EndProject
Global
	GlobalSection(SolutionConfigurationPlatforms) = preSolution
		Debug|Any CPU = Debug|Any CPU
		Release|Any CPU = Release|Any CPU
	EndGlobalSection
	GlobalSection(ProjectConfigurationPlatforms) = postSolution
		{2EA5DEFD-D9FF-4ED7-A9D0-FB4727769475}.Debug|Any CPU.ActiveCfg = Debug|Any CPU
		{2EA5DEFD-D9FF-4ED7-A9D0-FB4727769475}.Debug|Any CPU.Build.0 = Debug|Any CPU
		{2EA5DEFD-D9FF-4ED7-A9D0-FB4727769475}.Release|Any CPU.ActiveCfg = Release|Any CPU
		{2EA5DEFD-D9FF-4ED7-A9D0-FB4727769475}.Release|Any CPU.Build.0 = Release|Any CPU
		{CF049F29-2D6D-4649-9BAA-6E392C56722B}.Debug|Any CPU.ActiveCfg = Debug|Any CPU
		{CF049F29-2D6D-4649-9BAA-6E392C56722B}.Debug|Any CPU.Build.0 = Debug|Any CPU
		{CF049F29-2D6D-4649-9BAA-6E392C56722B}.Release|Any CPU.ActiveCfg = Release|Any CPU
		{CF049F29-2D6D-4649-9BAA-6E392C56722B}.Release|Any CPU.Build.0 = Release|Any CPU
		{23BB3D87-C630-47ED-BDB6-1C17864B6F7B}.Debug|Any CPU.ActiveCfg = Debug|Any CPU
		{23BB3D87-C630-47ED-BDB6-1C17864B6F7B}.Debug|Any CPU.Build.0 = Debug|Any CPU
		{23BB3D87-C630-47ED-BDB6-1C17864B6F7B}.Release|Any CPU.ActiveCfg = Release|Any CPU
		{23BB3D87-C630-47ED-BDB6-1C17864B6F7B}.Release|Any CPU.Build.0 = Release|Any CPU
		{80ACC250-A9BF-4751-A4F9-D5E3277CFC1D}.Debug|Any CPU.ActiveCfg = Debug|Any CPU
		{80ACC250-A9BF-4751-A4F9-D5E3277CFC1D}.Debug|Any CPU.Build.0 = Debug|Any CPU
		{80ACC250-A9BF-4751-A4F9-D5E3277CFC1D}.Release|Any CPU.ActiveCfg = Release|Any CPU
		{80ACC250-A9BF-4751-A4F9-D5E3277CFC1D}.Release|Any CPU.Build.0 = Release|Any CPU
		{327140EC-C489-4B1F-A482-C85A206740F6}.Debug|Any CPU.ActiveCfg = Debug|Any CPU
		{327140EC-C489-4B1F-A482-C85A206740F6}.Debug|Any CPU.Build.0 = Debug|Any CPU
		{327140EC-C489-4B1F-A482-C85A206740F6}.Release|Any CPU.ActiveCfg = Release|Any CPU
		{327140EC-C489-4B1F-A482-C85A206740F6}.Release|Any CPU.Build.0 = Release|Any CPU
		{30F465EE-11C3-4E5E-A2A4-6083359D34FF}.Debug|Any CPU.ActiveCfg = Debug|Any CPU
		{30F465EE-11C3-4E5E-A2A4-6083359D34FF}.Debug|Any CPU.Build.0 = Debug|Any CPU
		{30F465EE-11C3-4E5E-A2A4-6083359D34FF}.Release|Any CPU.ActiveCfg = Release|Any CPU
		{30F465EE-11C3-4E5E-A2A4-6083359D34FF}.Release|Any CPU.Build.0 = Release|Any CPU
		{4F14B6A7-2409-4EF8-B357-0E4DE8B2F1F1}.Debug|Any CPU.ActiveCfg = Debug|Any CPU
		{4F14B6A7-2409-4EF8-B357-0E4DE8B2F1F1}.Debug|Any CPU.Build.0 = Debug|Any CPU
		{4F14B6A7-2409-4EF8-B357-0E4DE8B2F1F1}.Release|Any CPU.ActiveCfg = Release|Any CPU
		{4F14B6A7-2409-4EF8-B357-0E4DE8B2F1F1}.Release|Any CPU.Build.0 = Release|Any CPU
		{A06B3D7D-514A-43C9-AE93-548211B48C99}.Debug|Any CPU.ActiveCfg = Debug|Any CPU
		{A06B3D7D-514A-43C9-AE93-548211B48C99}.Debug|Any CPU.Build.0 = Debug|Any CPU
		{A06B3D7D-514A-43C9-AE93-548211B48C99}.Release|Any CPU.ActiveCfg = Release|Any CPU
		{A06B3D7D-514A-43C9-AE93-548211B48C99}.Release|Any CPU.Build.0 = Release|Any CPU
		{A95F9F4F-BC89-4B0A-B418-660458A64947}.Debug|Any CPU.ActiveCfg = Debug|Any CPU
		{A95F9F4F-BC89-4B0A-B418-660458A64947}.Debug|Any CPU.Build.0 = Debug|Any CPU
		{A95F9F4F-BC89-4B0A-B418-660458A64947}.Release|Any CPU.ActiveCfg = Release|Any CPU
		{A95F9F4F-BC89-4B0A-B418-660458A64947}.Release|Any CPU.Build.0 = Release|Any CPU
		{01765200-DD1A-410B-A403-1637B312EA5B}.Debug|Any CPU.ActiveCfg = Debug|Any CPU
		{01765200-DD1A-410B-A403-1637B312EA5B}.Debug|Any CPU.Build.0 = Debug|Any CPU
		{01765200-DD1A-410B-A403-1637B312EA5B}.Release|Any CPU.ActiveCfg = Release|Any CPU
		{01765200-DD1A-410B-A403-1637B312EA5B}.Release|Any CPU.Build.0 = Release|Any CPU
		{06A639EA-A4C3-4973-8CC2-29F4409D4A99}.Debug|Any CPU.ActiveCfg = Debug|Any CPU
		{06A639EA-A4C3-4973-8CC2-29F4409D4A99}.Debug|Any CPU.Build.0 = Debug|Any CPU
		{06A639EA-A4C3-4973-8CC2-29F4409D4A99}.Release|Any CPU.ActiveCfg = Release|Any CPU
		{06A639EA-A4C3-4973-8CC2-29F4409D4A99}.Release|Any CPU.Build.0 = Release|Any CPU
		{8B2B7738-9633-47BA-90BE-EDA80EE9C238}.Debug|Any CPU.ActiveCfg = Debug|Any CPU
		{8B2B7738-9633-47BA-90BE-EDA80EE9C238}.Debug|Any CPU.Build.0 = Debug|Any CPU
		{8B2B7738-9633-47BA-90BE-EDA80EE9C238}.Release|Any CPU.ActiveCfg = Release|Any CPU
		{8B2B7738-9633-47BA-90BE-EDA80EE9C238}.Release|Any CPU.Build.0 = Release|Any CPU
		{1164B248-15B7-45BC-A247-5216DC2FCEFB}.Debug|Any CPU.ActiveCfg = Debug|Any CPU
		{1164B248-15B7-45BC-A247-5216DC2FCEFB}.Debug|Any CPU.Build.0 = Debug|Any CPU
		{1164B248-15B7-45BC-A247-5216DC2FCEFB}.Release|Any CPU.ActiveCfg = Release|Any CPU
		{1164B248-15B7-45BC-A247-5216DC2FCEFB}.Release|Any CPU.Build.0 = Release|Any CPU
		{E601F3DB-099E-46FB-AB32-54FC552358D9}.Debug|Any CPU.ActiveCfg = Debug|Any CPU
		{E601F3DB-099E-46FB-AB32-54FC552358D9}.Debug|Any CPU.Build.0 = Debug|Any CPU
		{E601F3DB-099E-46FB-AB32-54FC552358D9}.Release|Any CPU.ActiveCfg = Release|Any CPU
		{E601F3DB-099E-46FB-AB32-54FC552358D9}.Release|Any CPU.Build.0 = Release|Any CPU
		{9770F4C5-0A51-4FBA-A7BA-E87AEFAFF2B2}.Debug|Any CPU.ActiveCfg = Debug|Any CPU
		{9770F4C5-0A51-4FBA-A7BA-E87AEFAFF2B2}.Debug|Any CPU.Build.0 = Debug|Any CPU
		{9770F4C5-0A51-4FBA-A7BA-E87AEFAFF2B2}.Release|Any CPU.ActiveCfg = Release|Any CPU
		{9770F4C5-0A51-4FBA-A7BA-E87AEFAFF2B2}.Release|Any CPU.Build.0 = Release|Any CPU
		{8A954850-0FF9-452E-AA5F-7ED06B9CA85A}.Debug|Any CPU.ActiveCfg = Debug|Any CPU
		{8A954850-0FF9-452E-AA5F-7ED06B9CA85A}.Debug|Any CPU.Build.0 = Debug|Any CPU
		{8A954850-0FF9-452E-AA5F-7ED06B9CA85A}.Release|Any CPU.ActiveCfg = Release|Any CPU
		{8A954850-0FF9-452E-AA5F-7ED06B9CA85A}.Release|Any CPU.Build.0 = Release|Any CPU
		{60A1ED32-F921-4E2C-BE48-9F383C3685CF}.Debug|Any CPU.ActiveCfg = Debug|Any CPU
		{60A1ED32-F921-4E2C-BE48-9F383C3685CF}.Debug|Any CPU.Build.0 = Debug|Any CPU
		{60A1ED32-F921-4E2C-BE48-9F383C3685CF}.Release|Any CPU.ActiveCfg = Release|Any CPU
		{60A1ED32-F921-4E2C-BE48-9F383C3685CF}.Release|Any CPU.Build.0 = Release|Any CPU
		{70510CDE-1A0E-479F-B1B8-7285315169E3}.Debug|Any CPU.ActiveCfg = Debug|Any CPU
		{70510CDE-1A0E-479F-B1B8-7285315169E3}.Debug|Any CPU.Build.0 = Debug|Any CPU
		{70510CDE-1A0E-479F-B1B8-7285315169E3}.Release|Any CPU.ActiveCfg = Release|Any CPU
		{70510CDE-1A0E-479F-B1B8-7285315169E3}.Release|Any CPU.Build.0 = Release|Any CPU
		{14F3012B-BB87-4B36-85D2-287625F494F6}.Debug|Any CPU.ActiveCfg = Debug|Any CPU
		{14F3012B-BB87-4B36-85D2-287625F494F6}.Debug|Any CPU.Build.0 = Debug|Any CPU
		{14F3012B-BB87-4B36-85D2-287625F494F6}.Release|Any CPU.ActiveCfg = Release|Any CPU
		{14F3012B-BB87-4B36-85D2-287625F494F6}.Release|Any CPU.Build.0 = Release|Any CPU
		{B1317EEF-B5E6-4DC4-9E72-A74F875E626F}.Debug|Any CPU.ActiveCfg = Debug|Any CPU
		{B1317EEF-B5E6-4DC4-9E72-A74F875E626F}.Debug|Any CPU.Build.0 = Debug|Any CPU
		{B1317EEF-B5E6-4DC4-9E72-A74F875E626F}.Release|Any CPU.ActiveCfg = Release|Any CPU
		{B1317EEF-B5E6-4DC4-9E72-A74F875E626F}.Release|Any CPU.Build.0 = Release|Any CPU
		{6A278A55-34B3-4B23-9D36-48C55687593E}.Debug|Any CPU.ActiveCfg = Debug|Any CPU
		{6A278A55-34B3-4B23-9D36-48C55687593E}.Debug|Any CPU.Build.0 = Debug|Any CPU
		{6A278A55-34B3-4B23-9D36-48C55687593E}.Release|Any CPU.ActiveCfg = Release|Any CPU
		{6A278A55-34B3-4B23-9D36-48C55687593E}.Release|Any CPU.Build.0 = Release|Any CPU
		{35F8FD1F-584F-452A-9F91-67C6B3B59833}.Debug|Any CPU.ActiveCfg = Debug|Any CPU
		{35F8FD1F-584F-452A-9F91-67C6B3B59833}.Debug|Any CPU.Build.0 = Debug|Any CPU
		{35F8FD1F-584F-452A-9F91-67C6B3B59833}.Release|Any CPU.ActiveCfg = Release|Any CPU
		{35F8FD1F-584F-452A-9F91-67C6B3B59833}.Release|Any CPU.Build.0 = Release|Any CPU
		{4207F141-709F-4CBB-B232-40FD5F9F8933}.Debug|Any CPU.ActiveCfg = Debug|Any CPU
		{4207F141-709F-4CBB-B232-40FD5F9F8933}.Debug|Any CPU.Build.0 = Debug|Any CPU
		{4207F141-709F-4CBB-B232-40FD5F9F8933}.Release|Any CPU.ActiveCfg = Release|Any CPU
		{4207F141-709F-4CBB-B232-40FD5F9F8933}.Release|Any CPU.Build.0 = Release|Any CPU
	EndGlobalSection
	GlobalSection(SolutionProperties) = preSolution
		HideSolutionNode = FALSE
	EndGlobalSection
	GlobalSection(NestedProjects) = preSolution
		{CF049F29-2D6D-4649-9BAA-6E392C56722B} = {CD5C4C96-C0FF-4406-A0CB-83B10ABA8667}
		{80ACC250-A9BF-4751-A4F9-D5E3277CFC1D} = {CD5C4C96-C0FF-4406-A0CB-83B10ABA8667}
		{327140EC-C489-4B1F-A482-C85A206740F6} = {CD5C4C96-C0FF-4406-A0CB-83B10ABA8667}
		{30F465EE-11C3-4E5E-A2A4-6083359D34FF} = {CD5C4C96-C0FF-4406-A0CB-83B10ABA8667}
		{4F14B6A7-2409-4EF8-B357-0E4DE8B2F1F1} = {CD5C4C96-C0FF-4406-A0CB-83B10ABA8667}
		{A06B3D7D-514A-43C9-AE93-548211B48C99} = {CD5C4C96-C0FF-4406-A0CB-83B10ABA8667}
		{A95F9F4F-BC89-4B0A-B418-660458A64947} = {CD5C4C96-C0FF-4406-A0CB-83B10ABA8667}
		{01765200-DD1A-410B-A403-1637B312EA5B} = {CD5C4C96-C0FF-4406-A0CB-83B10ABA8667}
		{06A639EA-A4C3-4973-8CC2-29F4409D4A99} = {CD5C4C96-C0FF-4406-A0CB-83B10ABA8667}
		{8B2B7738-9633-47BA-90BE-EDA80EE9C238} = {CD5C4C96-C0FF-4406-A0CB-83B10ABA8667}
		{1164B248-15B7-45BC-A247-5216DC2FCEFB} = {CD5C4C96-C0FF-4406-A0CB-83B10ABA8667}
		{E601F3DB-099E-46FB-AB32-54FC552358D9} = {CD5C4C96-C0FF-4406-A0CB-83B10ABA8667}
		{9770F4C5-0A51-4FBA-A7BA-E87AEFAFF2B2} = {CD5C4C96-C0FF-4406-A0CB-83B10ABA8667}
		{8A954850-0FF9-452E-AA5F-7ED06B9CA85A} = {CD5C4C96-C0FF-4406-A0CB-83B10ABA8667}
		{60A1ED32-F921-4E2C-BE48-9F383C3685CF} = {CD5C4C96-C0FF-4406-A0CB-83B10ABA8667}
		{70510CDE-1A0E-479F-B1B8-7285315169E3} = {CD5C4C96-C0FF-4406-A0CB-83B10ABA8667}
		{14F3012B-BB87-4B36-85D2-287625F494F6} = {CD5C4C96-C0FF-4406-A0CB-83B10ABA8667}
		{B1317EEF-B5E6-4DC4-9E72-A74F875E626F} = {CD5C4C96-C0FF-4406-A0CB-83B10ABA8667}
		{6A278A55-34B3-4B23-9D36-48C55687593E} = {CD5C4C96-C0FF-4406-A0CB-83B10ABA8667}
	EndGlobalSection
	GlobalSection(ExtensibilityGlobals) = postSolution
		SolutionGuid = {ECFFC7AE-0911-47AF-B23E-E5C803F24A70}
	EndGlobalSection
EndGlobal
